// !$*UTF8*$!
{
	archiveVersion = 1;
	classes = {
	};
	objectVersion = 46;
	objects = {

/* Begin PBXBuildFile section */
		142BCB3C2FE0D0CE932BCAC2 /* Pods_ChineseSort.framework in Frameworks */ = {isa = PBXBuildFile; fileRef = B47B0F3BCAC9FA5D2A0B621F /* Pods_ChineseSort.framework */; };
		14B01B651D9A43120083433F /* main.m in Sources */ = {isa = PBXBuildFile; fileRef = 14B01B641D9A43120083433F /* main.m */; };
		14B01B681D9A43120083433F /* AppDelegate.m in Sources */ = {isa = PBXBuildFile; fileRef = 14B01B671D9A43120083433F /* AppDelegate.m */; };
		14B01B6B1D9A43120083433F /* ViewController.m in Sources */ = {isa = PBXBuildFile; fileRef = 14B01B6A1D9A43120083433F /* ViewController.m */; };
		14B01B6E1D9A43120083433F /* Main.storyboard in Resources */ = {isa = PBXBuildFile; fileRef = 14B01B6C1D9A43120083433F /* Main.storyboard */; };
		14B01B701D9A43120083433F /* Assets.xcassets in Resources */ = {isa = PBXBuildFile; fileRef = 14B01B6F1D9A43120083433F /* Assets.xcassets */; };
		14B01B731D9A43120083433F /* LaunchScreen.storyboard in Resources */ = {isa = PBXBuildFile; fileRef = 14B01B711D9A43120083433F /* LaunchScreen.storyboard */; };
		14B01B7C1D9A5A260083433F /* ChineseString.m in Sources */ = {isa = PBXBuildFile; fileRef = 14B01B7B1D9A5A260083433F /* ChineseString.m */; };
/* End PBXBuildFile section */

/* Begin PBXFileReference section */
		14B01B601D9A43120083433F /* ChineseSort.app */ = {isa = PBXFileReference; explicitFileType = wrapper.application; includeInIndex = 0; path = ChineseSort.app; sourceTree = BUILT_PRODUCTS_DIR; };
		14B01B641D9A43120083433F /* main.m */ = {isa = PBXFileReference; lastKnownFileType = sourcecode.c.objc; path = main.m; sourceTree = "<group>"; };
		14B01B661D9A43120083433F /* AppDelegate.h */ = {isa = PBXFileReference; lastKnownFileType = sourcecode.c.h; path = AppDelegate.h; sourceTree = "<group>"; };
		14B01B671D9A43120083433F /* AppDelegate.m */ = {isa = PBXFileReference; lastKnownFileType = sourcecode.c.objc; path = AppDelegate.m; sourceTree = "<group>"; };
		14B01B691D9A43120083433F /* ViewController.h */ = {isa = PBXFileReference; lastKnownFileType = sourcecode.c.h; path = ViewController.h; sourceTree = "<group>"; };
		14B01B6A1D9A43120083433F /* ViewController.m */ = {isa = PBXFileReference; lastKnownFileType = sourcecode.c.objc; path = ViewController.m; sourceTree = "<group>"; };
		14B01B6D1D9A43120083433F /* Base */ = {isa = PBXFileReference; lastKnownFileType = file.storyboard; name = Base; path = Base.lproj/Main.storyboard; sourceTree = "<group>"; };
		14B01B6F1D9A43120083433F /* Assets.xcassets */ = {isa = PBXFileReference; lastKnownFileType = folder.assetcatalog; path = Assets.xcassets; sourceTree = "<group>"; };
		14B01B721D9A43120083433F /* Base */ = {isa = PBXFileReference; lastKnownFileType = file.storyboard; name = Base; path = Base.lproj/LaunchScreen.storyboard; sourceTree = "<group>"; };
		14B01B741D9A43120083433F /* Info.plist */ = {isa = PBXFileReference; lastKnownFileType = text.plist.xml; path = Info.plist; sourceTree = "<group>"; };
		14B01B7A1D9A5A260083433F /* ChineseString.h */ = {isa = PBXFileReference; fileEncoding = 4; lastKnownFileType = sourcecode.c.h; path = ChineseString.h; sourceTree = "<group>"; };
		14B01B7B1D9A5A260083433F /* ChineseString.m */ = {isa = PBXFileReference; fileEncoding = 4; lastKnownFileType = sourcecode.c.objc; path = ChineseString.m; sourceTree = "<group>"; };
		224FD093FD4DCB17796EB408 /* Pods-ChineseSort.debug.xcconfig */ = {isa = PBXFileReference; includeInIndex = 1; lastKnownFileType = text.xcconfig; name = "Pods-ChineseSort.debug.xcconfig"; path = "Pods/Target Support Files/Pods-ChineseSort/Pods-ChineseSort.debug.xcconfig"; sourceTree = "<group>"; };
		9E4AA778865B3AC43DFC3019 /* Pods-ChineseSort.release.xcconfig */ = {isa = PBXFileReference; includeInIndex = 1; lastKnownFileType = text.xcconfig; name = "Pods-ChineseSort.release.xcconfig"; path = "Pods/Target Support Files/Pods-ChineseSort/Pods-ChineseSort.release.xcconfig"; sourceTree = "<group>"; };
		B47B0F3BCAC9FA5D2A0B621F /* Pods_ChineseSort.framework */ = {isa = PBXFileReference; explicitFileType = wrapper.framework; includeInIndex = 0; path = Pods_ChineseSort.framework; sourceTree = BUILT_PRODUCTS_DIR; };
/* End PBXFileReference section */

/* Begin PBXFrameworksBuildPhase section */
		14B01B5D1D9A43120083433F /* Frameworks */ = {
			isa = PBXFrameworksBuildPhase;
			buildActionMask = 2147483647;
			files = (
				142BCB3C2FE0D0CE932BCAC2 /* Pods_ChineseSort.framework in Frameworks */,
			);
			runOnlyForDeploymentPostprocessing = 0;
		};
/* End PBXFrameworksBuildPhase section */

/* Begin PBXGroup section */
		14B01B571D9A43120083433F = {
			isa = PBXGroup;
			children = (
				14B01B621D9A43120083433F /* ChineseSort */,
				14B01B611D9A43120083433F /* Products */,
				2C8BEF5536949B291B7B71E3 /* Pods */,
				87FC5B78107CB3E304627592 /* Frameworks */,
			);
			sourceTree = "<group>";
		};
		14B01B611D9A43120083433F /* Products */ = {
			isa = PBXGroup;
			children = (
				14B01B601D9A43120083433F /* ChineseSort.app */,
			);
			name = Products;
			sourceTree = "<group>";
		};
		14B01B621D9A43120083433F /* ChineseSort */ = {
			isa = PBXGroup;
			children = (
				14B01B661D9A43120083433F /* AppDelegate.h */,
				14B01B671D9A43120083433F /* AppDelegate.m */,
				14B01B7A1D9A5A260083433F /* ChineseString.h */,
				14B01B7B1D9A5A260083433F /* ChineseString.m */,
				14B01B691D9A43120083433F /* ViewController.h */,
				14B01B6A1D9A43120083433F /* ViewController.m */,
				14B01B6C1D9A43120083433F /* Main.storyboard */,
				14B01B6F1D9A43120083433F /* Assets.xcassets */,
				14B01B711D9A43120083433F /* LaunchScreen.storyboard */,
				14B01B741D9A43120083433F /* Info.plist */,
				14B01B631D9A43120083433F /* Supporting Files */,
			);
			path = ChineseSort;
			sourceTree = "<group>";
		};
		14B01B631D9A43120083433F /* Supporting Files */ = {
			isa = PBXGroup;
			children = (
				14B01B641D9A43120083433F /* main.m */,
			);
			name = "Supporting Files";
			sourceTree = "<group>";
		};
		2C8BEF5536949B291B7B71E3 /* Pods */ = {
			isa = PBXGroup;
			children = (
				224FD093FD4DCB17796EB408 /* Pods-ChineseSort.debug.xcconfig */,
				9E4AA778865B3AC43DFC3019 /* Pods-ChineseSort.release.xcconfig */,
			);
			name = Pods;
			sourceTree = "<group>";
		};
		87FC5B78107CB3E304627592 /* Frameworks */ = {
			isa = PBXGroup;
			children = (
				B47B0F3BCAC9FA5D2A0B621F /* Pods_ChineseSort.framework */,
			);
			name = Frameworks;
			sourceTree = "<group>";
		};
/* End PBXGroup section */

/* Begin PBXNativeTarget section */
		14B01B5F1D9A43120083433F /* ChineseSort */ = {
			isa = PBXNativeTarget;
			buildConfigurationList = 14B01B771D9A43120083433F /* Build configuration list for PBXNativeTarget "ChineseSort" */;
			buildPhases = (
				D1AB7E28B96B1DDCA6C862A5 /* [CP] Check Pods Manifest.lock */,
				14B01B5C1D9A43120083433F /* Sources */,
				14B01B5D1D9A43120083433F /* Frameworks */,
				14B01B5E1D9A43120083433F /* Resources */,
				5C369ADE4199CDA46170BE2D /* [CP] Embed Pods Frameworks */,
				4F2C409716EA83E3EEA1B752 /* [CP] Copy Pods Resources */,
			);
			buildRules = (
			);
			dependencies = (
			);
			name = ChineseSort;
			productName = ChineseSort;
			productReference = 14B01B601D9A43120083433F /* ChineseSort.app */;
			productType = "com.apple.product-type.application";
		};
/* End PBXNativeTarget section */

/* Begin PBXProject section */
		14B01B581D9A43120083433F /* Project object */ = {
			isa = PBXProject;
			attributes = {
				LastUpgradeCheck = 0800;
				ORGANIZATIONNAME = HF;
				TargetAttributes = {
					14B01B5F1D9A43120083433F = {
						CreatedOnToolsVersion = 8.0;
						ProvisioningStyle = Automatic;
					};
				};
			};
			buildConfigurationList = 14B01B5B1D9A43120083433F /* Build configuration list for PBXProject "ChineseSort" */;
			compatibilityVersion = "Xcode 3.2";
			developmentRegion = English;
			hasScannedForEncodings = 0;
			knownRegions = (
				en,
				Base,
			);
			mainGroup = 14B01B571D9A43120083433F;
			productRefGroup = 14B01B611D9A43120083433F /* Products */;
			projectDirPath = "";
			projectRoot = "";
			targets = (
				14B01B5F1D9A43120083433F /* ChineseSort */,
			);
		};
/* End PBXProject section */

/* Begin PBXResourcesBuildPhase section */
		14B01B5E1D9A43120083433F /* Resources */ = {
			isa = PBXResourcesBuildPhase;
			buildActionMask = 2147483647;
			files = (
				14B01B731D9A43120083433F /* LaunchScreen.storyboard in Resources */,
				14B01B701D9A43120083433F /* Assets.xcassets in Resources */,
				14B01B6E1D9A43120083433F /* Main.storyboard in Resources */,
			);
			runOnlyForDeploymentPostprocessing = 0;
		};
/* End PBXResourcesBuildPhase section */

/* Begin PBXShellScriptBuildPhase section */
		4F2C409716EA83E3EEA1B752 /* [CP] Copy Pods Resources */ = {
			isa = PBXShellScriptBuildPhase;
			buildActionMask = 2147483647;
			files = (
			);
			inputPaths = (
			);
			name = "[CP] Copy Pods Resources";
			outputPaths = (
			);
			runOnlyForDeploymentPostprocessing = 0;
			shellPath = /bin/sh;
			shellScript = "\"${SRCROOT}/Pods/Target Support Files/Pods-ChineseSort/Pods-ChineseSort-resources.sh\"\n";
			showEnvVarsInLog = 0;
		};
		5C369ADE4199CDA46170BE2D /* [CP] Embed Pods Frameworks */ = {
			isa = PBXShellScriptBuildPhase;
			buildActionMask = 2147483647;
			files = (
			);
			inputPaths = (
			);
			name = "[CP] Embed Pods Frameworks";
			outputPaths = (
			);
			runOnlyForDeploymentPostprocessing = 0;
			shellPath = /bin/sh;
			shellScript = "\"${SRCROOT}/Pods/Target Support Files/Pods-ChineseSort/Pods-ChineseSort-frameworks.sh\"\n";
			showEnvVarsInLog = 0;
		};
		D1AB7E28B96B1DDCA6C862A5 /* [CP] Check Pods Manifest.lock */ = {
			isa = PBXShellScriptBuildPhase;
			buildActionMask = 2147483647;
			files = (
			);
			inputPaths = (
			);
			name = "[CP] Check Pods Manifest.lock";
			outputPaths = (
			);
			runOnlyForDeploymentPostprocessing = 0;
			shellPath = /bin/sh;
			shellScript = "diff \"${PODS_ROOT}/../Podfile.lock\" \"${PODS_ROOT}/Manifest.lock\" > /dev/null\nif [[ $? != 0 ]] ; then\n    cat << EOM\nerror: The sandbox is not in sync with the Podfile.lock. Run 'pod install' or update your CocoaPods installation.\nEOM\n    exit 1\nfi\n";
			showEnvVarsInLog = 0;
		};
/* End PBXShellScriptBuildPhase section */

/* Begin PBXSourcesBuildPhase section */
		14B01B5C1D9A43120083433F /* Sources */ = {
			isa = PBXSourcesBuildPhase;
			buildActionMask = 2147483647;
			files = (
				14B01B7C1D9A5A260083433F /* ChineseString.m in Sources */,
				14B01B6B1D9A43120083433F /* ViewController.m in Sources */,
				14B01B681D9A43120083433F /* AppDelegate.m in Sources */,
				14B01B651D9A43120083433F /* main.m in Sources */,
			);
			runOnlyForDeploymentPostprocessing = 0;
		};
/* End PBXSourcesBuildPhase section */

/* Begin PBXVariantGroup section */
		14B01B6C1D9A43120083433F /* Main.storyboard */ = {
			isa = PBXVariantGroup;
			children = (
				14B01B6D1D9A43120083433F /* Base */,
			);
			name = Main.storyboard;
			sourceTree = "<group>";
		};
		14B01B711D9A43120083433F /* LaunchScreen.storyboard */ = {
			isa = PBXVariantGroup;
			children = (
				14B01B721D9A43120083433F /* Base */,
			);
			name = LaunchScreen.storyboard;
			sourceTree = "<group>";
		};
/* End PBXVariantGroup section */

/* Begin XCBuildConfiguration section */
		14B01B751D9A43120083433F /* Debug */ = {
			isa = XCBuildConfiguration;
			buildSettings = {
				ALWAYS_SEARCH_USER_PATHS = NO;
				CLANG_ANALYZER_NONNULL = YES;
				CLANG_CXX_LANGUAGE_STANDARD = "gnu++0x";
				CLANG_CXX_LIBRARY = "libc++";
				CLANG_ENABLE_MODULES = YES;
				CLANG_ENABLE_OBJC_ARC = YES;
				CLANG_WARN_BOOL_CONVERSION = YES;
				CLANG_WARN_CONSTANT_CONVERSION = YES;
				CLANG_WARN_DIRECT_OBJC_ISA_USAGE = YES_ERROR;
				CLANG_WARN_DOCUMENTATION_COMMENTS = YES;
				CLANG_WARN_EMPTY_BODY = YES;
				CLANG_WARN_ENUM_CONVERSION = YES;
				CLANG_WARN_INFINITE_RECURSION = YES;
				CLANG_WARN_INT_CONVERSION = YES;
				CLANG_WARN_OBJC_ROOT_CLASS = YES_ERROR;
				CLANG_WARN_SUSPICIOUS_MOVES = YES;
				CLANG_WARN_UNREACHABLE_CODE = YES;
				CLANG_WARN__DUPLICATE_METHOD_MATCH = YES;
				"CODE_SIGN_IDENTITY[sdk=iphoneos*]" = "iPhone Developer";
				COPY_PHASE_STRIP = NO;
				DEBUG_INFORMATION_FORMAT = dwarf;
				ENABLE_STRICT_OBJC_MSGSEND = YES;
				ENABLE_TESTABILITY = YES;
				GCC_C_LANGUAGE_STANDARD = gnu99;
				GCC_DYNAMIC_NO_PIC = NO;
				GCC_NO_COMMON_BLOCKS = YES;
				GCC_OPTIMIZATION_LEVEL = 0;
				GCC_PREPROCESSOR_DEFINITIONS = (
					"DEBUG=1",
					"$(inherited)",
				);
				GCC_WARN_64_TO_32_BIT_CONVERSION = YES;
				GCC_WARN_ABOUT_RETURN_TYPE = YES_ERROR;
				GCC_WARN_UNDECLARED_SELECTOR = YES;
				GCC_WARN_UNINITIALIZED_AUTOS = YES_AGGRESSIVE;
				GCC_WARN_UNUSED_FUNCTION = YES;
				GCC_WARN_UNUSED_VARIABLE = YES;
				IPHONEOS_DEPLOYMENT_TARGET = 10.0;
				MTL_ENABLE_DEBUG_INFO = YES;
				ONLY_ACTIVE_ARCH = YES;
				SDKROOT = iphoneos;
			};
			name = Debug;
		};
		14B01B761D9A43120083433F /* Release */ = {
			isa = XCBuildConfiguration;
			buildSettings = {
				ALWAYS_SEARCH_USER_PATHS = NO;
				CLANG_ANALYZER_NONNULL = YES;
				CLANG_CXX_LANGUAGE_STANDARD = "gnu++0x";
				CLANG_CXX_LIBRARY = "libc++";
				CLANG_ENABLE_MODULES = YES;
				CLANG_ENABLE_OBJC_ARC = YES;
				CLANG_WARN_BOOL_CONVERSION = YES;
				CLANG_WARN_CONSTANT_CONVERSION = YES;
				CLANG_WARN_DIRECT_OBJC_ISA_USAGE = YES_ERROR;
				CLANG_WARN_DOCUMENTATION_COMMENTS = YES;
				CLANG_WARN_EMPTY_BODY = YES;
				CLANG_WARN_ENUM_CONVERSION = YES;
				CLANG_WARN_INFINITE_RECURSION = YES;
				CLANG_WARN_INT_CONVERSION = YES;
				CLANG_WARN_OBJC_ROOT_CLASS = YES_ERROR;
				CLANG_WARN_SUSPICIOUS_MOVES = YES;
				CLANG_WARN_UNREACHABLE_CODE = YES;
				CLANG_WARN__DUPLICATE_METHOD_MATCH = YES;
				"CODE_SIGN_IDENTITY[sdk=iphoneos*]" = "iPhone Developer";
				COPY_PHASE_STRIP = NO;
				DEBUG_INFORMATION_FORMAT = "dwarf-with-dsym";
				ENABLE_NS_ASSERTIONS = NO;
				ENABLE_STRICT_OBJC_MSGSEND = YES;
				GCC_C_LANGUAGE_STANDARD = gnu99;
				GCC_NO_COMMON_BLOCKS = YES;
				GCC_WARN_64_TO_32_BIT_CONVERSION = YES;
				GCC_WARN_ABOUT_RETURN_TYPE = YES_ERROR;
				GCC_WARN_UNDECLARED_SELECTOR = YES;
				GCC_WARN_UNINITIALIZED_AUTOS = YES_AGGRESSIVE;
				GCC_WARN_UNUSED_FUNCTION = YES;
				GCC_WARN_UNUSED_VARIABLE = YES;
				IPHONEOS_DEPLOYMENT_TARGET = 10.0;
				MTL_ENABLE_DEBUG_INFO = NO;
				SDKROOT = iphoneos;
				VALIDATE_PRODUCT = YES;
			};
			name = Release;
		};
		14B01B781D9A43120083433F /* Debug */ = {
			isa = XCBuildConfiguration;
			baseConfigurationReference = 224FD093FD4DCB17796EB408 /* Pods-ChineseSort.debug.xcconfig */;
			buildSettings = {
				ASSETCATALOG_COMPILER_APPICON_NAME = AppIcon;
				INFOPLIST_FILE = ChineseSort/Info.plist;
				LD_RUNPATH_SEARCH_PATHS = "$(inherited) @executable_path/Frameworks";
				PRODUCT_BUNDLE_IDENTIFIER = com.ChineseSort;
				PRODUCT_NAME = "$(TARGET_NAME)";
			};
			name = Debug;
		};
		14B01B791D9A43120083433F /* Release */ = {
			isa = XCBuildConfiguration;
			baseConfigurationReference = 9E4AA778865B3AC43DFC3019 /* Pods-ChineseSort.release.xcconfig */;
			buildSettings = {
				ASSETCATALOG_COMPILER_APPICON_NAME = AppIcon;
				INFOPLIST_FILE = ChineseSort/Info.plist;
				LD_RUNPATH_SEARCH_PATHS = "$(inherited) @executable_path/Frameworks";
				PRODUCT_BUNDLE_IDENTIFIER = com.ChineseSort;
				PRODUCT_NAME = "$(TARGET_NAME)";
			};
			name = Release;
		};
/* End XCBuildConfiguration section */

/* Begin XCConfigurationList section */
		14B01B5B1D9A43120083433F /* Build configuration list for PBXProject "ChineseSort" */ = {
			isa = XCConfigurationList;
			buildConfigurations = (
				14B01B751D9A43120083433F /* Debug */,
				14B01B761D9A43120083433F /* Release */,
			);
			defaultConfigurationIsVisible = 0;
			defaultConfigurationName = Release;
		};
		14B01B771D9A43120083433F /* Build configuration list for PBXNativeTarget "ChineseSort" */ = {
			isa = XCConfigurationList;
			buildConfigurations = (
				14B01B781D9A43120083433F /* Debug */,
				14B01B791D9A43120083433F /* Release */,
			);
			defaultConfigurationIsVisible = 0;
			defaultConfigurationName = Release;
		};
/* End XCConfigurationList section */
	};
	rootObject = 14B01B581D9A43120083433F /* Project object */;
}
